
Microsoft Visual Studio Solution File, Format Version 12.00
# Visual Studio 2012
Project("{FAE04EC0-301F-11D3-BF4B-00C04F79EFBC}") = "Cliente", "Cliente\Cliente.csproj", "{9707E69A-9A64-4D3F-9B95-BBF840FCAAD6}"
	GlobalSection(PlasticSccProperties) = preSolution
		ControlledByPlastic = True
		SccProvider = Plastic SCM
	EndGlobalSection
EndProject
Project("{FAE04EC0-301F-11D3-BF4B-00C04F79EFBC}") = "Leiloes", "Leiloes\Leiloes.csproj", "{758CAC26-7A21-4B48-93C8-7F0274A945CD}"
	GlobalSection(PlasticSccProperties) = preSolution
		ControlledByPlastic = True
		SccProvider = Plastic SCM
	EndGlobalSection
EndProject
Project("{FAE04EC0-301F-11D3-BF4B-00C04F79EFBC}") = "Contabilidade", "Contabilidade\Contabilidade.csproj", "{C8E4C54C-6902-4FE8-BDA4-3ECEA93221E2}"
	GlobalSection(PlasticSccProperties) = preSolution
		ControlledByPlastic = True
		SccProvider = Plastic SCM
	EndGlobalSection
EndProject
Project("{FAE04EC0-301F-11D3-BF4B-00C04F79EFBC}") = "ClassesComuns", "ClassesComuns\ClassesComuns.csproj", "{8867864A-5B05-4ACC-9F3B-6015D8DB5C3F}"
	GlobalSection(PlasticSccProperties) = preSolution
		ControlledByPlastic = True
		SccProvider = Plastic SCM
	EndGlobalSection
EndProject
Project("{FAE04EC0-301F-11D3-BF4B-00C04F79EFBC}") = "TestXML", "ConsoleApplication1\TestXML.csproj", "{E6A75259-16DF-47D9-91A4-C8E77EE07274}"
	GlobalSection(PlasticSccProperties) = preSolution
		ControlledByPlastic = True
		SccProvider = Plastic SCM
	EndGlobalSection
EndProject
Project("{FAE04EC0-301F-11D3-BF4B-00C04F79EFBC}") = "EscreverFicheiro", "EscreverFicheiro\EscreverFicheiro.csproj", "{C52942F6-16E9-4759-8B0A-1CECEB98F80E}"
	GlobalSection(PlasticSccProperties) = preSolution
		ControlledByPlastic = True
		SccProvider = Plastic SCM
	EndGlobalSection
EndProject
Project("{2150E333-8FDC-42A3-9474-1A3956D46DE8}") = "Outros", "Outros", "{A3A78E68-F466-41F5-96FE-59245C798A28}"
	GlobalSection(PlasticSccProperties) = preSolution
		ControlledByPlastic = True
		SccProvider = Plastic SCM
	EndGlobalSection
EndProject
Global
	GlobalSection(PlasticSccProperties) = preSolution
		ControlledByPlastic = True
		SccProvider = Plastic SCM
	EndGlobalSection
	GlobalSection(SolutionConfigurationPlatforms) = preSolution
		Debug|Any CPU = Debug|Any CPU
		Release|Any CPU = Release|Any CPU
	EndGlobalSection
	GlobalSection(ProjectConfigurationPlatforms) = postSolution
		{9707E69A-9A64-4D3F-9B95-BBF840FCAAD6}.Debug|Any CPU.ActiveCfg = Debug|Any CPU
		{9707E69A-9A64-4D3F-9B95-BBF840FCAAD6}.Debug|Any CPU.Build.0 = Debug|Any CPU
		{9707E69A-9A64-4D3F-9B95-BBF840FCAAD6}.Release|Any CPU.ActiveCfg = Release|Any CPU
		{9707E69A-9A64-4D3F-9B95-BBF840FCAAD6}.Release|Any CPU.Build.0 = Release|Any CPU
		{758CAC26-7A21-4B48-93C8-7F0274A945CD}.Debug|Any CPU.ActiveCfg = Debug|Any CPU
		{758CAC26-7A21-4B48-93C8-7F0274A945CD}.Debug|Any CPU.Build.0 = Debug|Any CPU
		{758CAC26-7A21-4B48-93C8-7F0274A945CD}.Release|Any CPU.ActiveCfg = Release|Any CPU
		{758CAC26-7A21-4B48-93C8-7F0274A945CD}.Release|Any CPU.Build.0 = Release|Any CPU
		{C8E4C54C-6902-4FE8-BDA4-3ECEA93221E2}.Debug|Any CPU.ActiveCfg = Debug|Any CPU
		{C8E4C54C-6902-4FE8-BDA4-3ECEA93221E2}.Debug|Any CPU.Build.0 = Debug|Any CPU
		{C8E4C54C-6902-4FE8-BDA4-3ECEA93221E2}.Release|Any CPU.ActiveCfg = Release|Any CPU
		{C8E4C54C-6902-4FE8-BDA4-3ECEA93221E2}.Release|Any CPU.Build.0 = Release|Any CPU
		{8867864A-5B05-4ACC-9F3B-6015D8DB5C3F}.Debug|Any CPU.ActiveCfg = Debug|Any CPU
		{8867864A-5B05-4ACC-9F3B-6015D8DB5C3F}.Debug|Any CPU.Build.0 = Debug|Any CPU
		{8867864A-5B05-4ACC-9F3B-6015D8DB5C3F}.Release|Any CPU.ActiveCfg = Release|Any CPU
		{8867864A-5B05-4ACC-9F3B-6015D8DB5C3F}.Release|Any CPU.Build.0 = Release|Any CPU
		{E6A75259-16DF-47D9-91A4-C8E77EE07274}.Debug|Any CPU.ActiveCfg = Debug|Any CPU
		{E6A75259-16DF-47D9-91A4-C8E77EE07274}.Debug|Any CPU.Build.0 = Debug|Any CPU
		{E6A75259-16DF-47D9-91A4-C8E77EE07274}.Release|Any CPU.ActiveCfg = Release|Any CPU
		{E6A75259-16DF-47D9-91A4-C8E77EE07274}.Release|Any CPU.Build.0 = Release|Any CPU
		{C52942F6-16E9-4759-8B0A-1CECEB98F80E}.Debug|Any CPU.ActiveCfg = Debug|Any CPU
		{C52942F6-16E9-4759-8B0A-1CECEB98F80E}.Debug|Any CPU.Build.0 = Debug|Any CPU
		{C52942F6-16E9-4759-8B0A-1CECEB98F80E}.Release|Any CPU.ActiveCfg = Release|Any CPU
		{C52942F6-16E9-4759-8B0A-1CECEB98F80E}.Release|Any CPU.Build.0 = Release|Any CPU
	EndGlobalSection
	GlobalSection(SolutionProperties) = preSolution
		HideSolutionNode = FALSE
	EndGlobalSection
	GlobalSection(NestedProjects) = preSolution
		{C52942F6-16E9-4759-8B0A-1CECEB98F80E} = {A3A78E68-F466-41F5-96FE-59245C798A28}
		{E6A75259-16DF-47D9-91A4-C8E77EE07274} = {A3A78E68-F466-41F5-96FE-59245C798A28}
	EndGlobalSection
EndGlobal
